
Microsoft Visual Studio Solution File, Format Version 12.00
# Visual Studio Version 17
VisualStudioVersion = 17.3.32901.215
MinimumVisualStudioVersion = 10.0.40219.1
Project("{FAE04EC0-301F-11D3-BF4B-00C04F79EFBC}") = "DoAn", "DoAn\DoAn.csproj", "{5D10F4B6-815A-4484-B984-AB9596430707}"
EndProject
Project("{54435603-DBB4-11D2-8724-00A0C9A8B90C}") = "Setup", "Setup\Setup.vdproj", "{389AD55E-03B1-4C5F-9507-4AC20638095C}"
EndProject
Global
	GlobalSection(SolutionConfigurationPlatforms) = preSolution
		Debug|Any CPU = Debug|Any CPU
		Release|Any CPU = Release|Any CPU
	EndGlobalSection
	GlobalSection(ProjectConfigurationPlatforms) = postSolution
		{5D10F4B6-815A-4484-B984-AB9596430707}.Debug|Any CPU.ActiveCfg = Debug|Any CPU
		{5D10F4B6-815A-4484-B984-AB9596430707}.Debug|Any CPU.Build.0 = Debug|Any CPU
		{5D10F4B6-815A-4484-B984-AB9596430707}.Release|Any CPU.ActiveCfg = Release|Any CPU
		{5D10F4B6-815A-4484-B984-AB9596430707}.Release|Any CPU.Build.0 = Release|Any CPU
		{389AD55E-03B1-4C5F-9507-4AC20638095C}.Debug|Any CPU.ActiveCfg = Debug
		{389AD55E-03B1-4C5F-9507-4AC20638095C}.Release|Any CPU.ActiveCfg = Release
	EndGlobalSection
	GlobalSection(SolutionProperties) = preSolution
		HideSolutionNode = FALSE
	EndGlobalSection
	GlobalSection(ExtensibilityGlobals) = postSolution
		SolutionGuid = {AFB19B70-E3BE-4733-AAED-8C89F62CB364}
	EndGlobalSection
EndGlobal
